
Microsoft Visual Studio Solution File, Format Version 12.00
# Visual Studio Version 17
VisualStudioVersion = 17.10.35013.160
MinimumVisualStudioVersion = 10.0.40219.1
Project("{FAE04EC0-301F-11D3-BF4B-00C04F79EFBC}") = "App360_Activity", "App360_Activity\App360_Activity.csproj", "{AD32BF1D-471B-4AFF-B0D2-0BFBDC92DDB7}"
EndProject
Global
	GlobalSection(SolutionConfigurationPlatforms) = preSolution
		Debug|Any CPU = Debug|Any CPU
		Release|Any CPU = Release|Any CPU
	EndGlobalSection
	GlobalSection(ProjectConfigurationPlatforms) = postSolution
		{AD32BF1D-471B-4AFF-B0D2-0BFBDC92DDB7}.Debug|Any CPU.ActiveCfg = Debug|Any CPU
		{AD32BF1D-471B-4AFF-B0D2-0BFBDC92DDB7}.Debug|Any CPU.Build.0 = Debug|Any CPU
		{AD32BF1D-471B-4AFF-B0D2-0BFBDC92DDB7}.Release|Any CPU.ActiveCfg = Release|Any CPU
		{AD32BF1D-471B-4AFF-B0D2-0BFBDC92DDB7}.Release|Any CPU.Build.0 = Release|Any CPU
	EndGlobalSection
	GlobalSection(SolutionProperties) = preSolution
		HideSolutionNode = FALSE
	EndGlobalSection
	GlobalSection(ExtensibilityGlobals) = postSolution
		SolutionGuid = {9C53C4A3-914A-47F3-8668-DADC68DF4C83}
	EndGlobalSection
EndGlobal
